{
  "name": "BethEllynSummer",
  "requires": true,
  "lockfileVersion": 1,
  "dependencies": {
    "font-awesome": {
      "version": "4.7.0",
      "resolved": "https://registry.npmjs.org/font-awesome/-/font-awesome-4.7.0.tgz",
      "integrity": "sha1-j6jPBBGhoxr9B7BtKQK7n8gVoTM="
    },
    "fullpage.js": {
      "version": "2.9.7",
      "resolved": "https://registry.npmjs.org/fullpage.js/-/fullpage.js-2.9.7.tgz",
      "integrity": "sha512-r2a7h/xAFRningddSAP/xZtZxG3dxvmAc71ckommFsHF/EAPu5gw1CU4DRc2ErRg10lLX1gBoybISpa5F3ps5A==",
      "requires": {
        "jquery": ">=1.6.0"
      }
    },
    "jquery": {
      "version": "3.6.0",
      "resolved": "https://registry.npmjs.org/jquery/-/jquery-3.6.0.tgz",
      "integrity": "sha512-JVzAR/AjBvVt2BmYhxRCSYysDsPcssdmTFnzyLEts9qNwmjmu4JTAMYubEfwVOSwpQ1I1sKKFcxhZCI2buerfw=="
    }
  }
}
